
Microsoft Visual Studio Solution File, Format Version 12.00
# Visual Studio Version 16
VisualStudioVersion = 16.0.30804.86
MinimumVisualStudioVersion = 10.0.40219.1
Project("{FAE04EC0-301F-11D3-BF4B-00C04F79EFBC}") = "лаба4", "лаба4.csproj", "{B7CB8913-6281-40E8-9444-8DE9503DA6C7}"
EndProject
Global
	GlobalSection(SolutionConfigurationPlatforms) = preSolution
		Debug|Any CPU = Debug|Any CPU
		Release|Any CPU = Release|Any CPU
	EndGlobalSection
	GlobalSection(ProjectConfigurationPlatforms) = postSolution
		{B7CB8913-6281-40E8-9444-8DE9503DA6C7}.Debug|Any CPU.ActiveCfg = Debug|Any CPU
		{B7CB8913-6281-40E8-9444-8DE9503DA6C7}.Debug|Any CPU.Build.0 = Debug|Any CPU
		{B7CB8913-6281-40E8-9444-8DE9503DA6C7}.Release|Any CPU.ActiveCfg = Release|Any CPU
		{B7CB8913-6281-40E8-9444-8DE9503DA6C7}.Release|Any CPU.Build.0 = Release|Any CPU
	EndGlobalSection
	GlobalSection(SolutionProperties) = preSolution
		HideSolutionNode = FALSE
	EndGlobalSection
	GlobalSection(ExtensibilityGlobals) = postSolution
		SolutionGuid = {993B4BFE-40B8-4E60-92B9-D25B46D470DF}
	EndGlobalSection
EndGlobal
