
Microsoft Visual Studio Solution File, Format Version 12.00
# Visual Studio Version 16
VisualStudioVersion = 16.0.29318.209
MinimumVisualStudioVersion = 10.0.40219.1
Project("{FAE04EC0-301F-11D3-BF4B-00C04F79EFBC}") = "OOP_9", "OOP_9\OOP_9.csproj", "{1A6BC053-0043-4E4C-A599-DEB94ACAE00A}"
EndProject
Global
	GlobalSection(SolutionConfigurationPlatforms) = preSolution
		Debug|Any CPU = Debug|Any CPU
		Release|Any CPU = Release|Any CPU
	EndGlobalSection
	GlobalSection(ProjectConfigurationPlatforms) = postSolution
		{1A6BC053-0043-4E4C-A599-DEB94ACAE00A}.Debug|Any CPU.ActiveCfg = Debug|Any CPU
		{1A6BC053-0043-4E4C-A599-DEB94ACAE00A}.Debug|Any CPU.Build.0 = Debug|Any CPU
		{1A6BC053-0043-4E4C-A599-DEB94ACAE00A}.Release|Any CPU.ActiveCfg = Release|Any CPU
		{1A6BC053-0043-4E4C-A599-DEB94ACAE00A}.Release|Any CPU.Build.0 = Release|Any CPU
	EndGlobalSection
	GlobalSection(SolutionProperties) = preSolution
		HideSolutionNode = FALSE
	EndGlobalSection
	GlobalSection(ExtensibilityGlobals) = postSolution
		SolutionGuid = {0DC5DDD8-AA8D-429D-A778-F7EFB3AFF4F5}
	EndGlobalSection
EndGlobal
