
Microsoft Visual Studio Solution File, Format Version 12.00
# Visual Studio Version 16
VisualStudioVersion = 16.0.30804.86
MinimumVisualStudioVersion = 10.0.40219.1
Project("{FAE04EC0-301F-11D3-BF4B-00C04F79EFBC}") = "лаба12", "лаба12.csproj", "{157EE583-477D-47AB-B13E-8C0100188556}"
EndProject
Global
	GlobalSection(SolutionConfigurationPlatforms) = preSolution
		Debug|Any CPU = Debug|Any CPU
		Release|Any CPU = Release|Any CPU
	EndGlobalSection
	GlobalSection(ProjectConfigurationPlatforms) = postSolution
		{157EE583-477D-47AB-B13E-8C0100188556}.Debug|Any CPU.ActiveCfg = Debug|Any CPU
		{157EE583-477D-47AB-B13E-8C0100188556}.Debug|Any CPU.Build.0 = Debug|Any CPU
		{157EE583-477D-47AB-B13E-8C0100188556}.Release|Any CPU.ActiveCfg = Release|Any CPU
		{157EE583-477D-47AB-B13E-8C0100188556}.Release|Any CPU.Build.0 = Release|Any CPU
	EndGlobalSection
	GlobalSection(SolutionProperties) = preSolution
		HideSolutionNode = FALSE
	EndGlobalSection
	GlobalSection(ExtensibilityGlobals) = postSolution
		SolutionGuid = {F682080C-128F-4E54-B50D-431752612036}
	EndGlobalSection
EndGlobal
